// !$*UTF8*$!
{
	archiveVersion = 1;
	classes = {
	};
	objectVersion = 46;
	objects = {

/* Begin PBXBuildFile section */
		1A7D94CF8083321C122B6587 /* Pods_Food_Bank.framework in Frameworks */ = {isa = PBXBuildFile; fileRef = EDA8C754DDE33AF7B34E2D28 /* Pods_Food_Bank.framework */; };
		5170E6B71C8B625200F9CDCF /* ResultViewController.swift in Sources */ = {isa = PBXBuildFile; fileRef = 5170E6B61C8B625200F9CDCF /* ResultViewController.swift */; };
		51D55E531C8B54290068EDBC /* AppDelegate.swift in Sources */ = {isa = PBXBuildFile; fileRef = 51D55E521C8B54290068EDBC /* AppDelegate.swift */; };
		51D55E5A1C8B54290068EDBC /* Main.storyboard in Resources */ = {isa = PBXBuildFile; fileRef = 51D55E581C8B54290068EDBC /* Main.storyboard */; };
		51D55E5C1C8B54290068EDBC /* Assets.xcassets in Resources */ = {isa = PBXBuildFile; fileRef = 51D55E5B1C8B54290068EDBC /* Assets.xcassets */; };
		51D55E5F1C8B54290068EDBC /* LaunchScreen.storyboard in Resources */ = {isa = PBXBuildFile; fileRef = 51D55E5D1C8B54290068EDBC /* LaunchScreen.storyboard */; };
		51D55E6A1C8B54290068EDBC /* Food_BankTests.swift in Sources */ = {isa = PBXBuildFile; fileRef = 51D55E691C8B54290068EDBC /* Food_BankTests.swift */; };
		51F0F9171C8B5958003F0398 /* Home.storyboard in Resources */ = {isa = PBXBuildFile; fileRef = 51F0F9161C8B5958003F0398 /* Home.storyboard */; };
		51F0F9191C8B5999003F0398 /* Profile.storyboard in Resources */ = {isa = PBXBuildFile; fileRef = 51F0F9181C8B5999003F0398 /* Profile.storyboard */; };
		51F0F91B1C8B59A1003F0398 /* Map.storyboard in Resources */ = {isa = PBXBuildFile; fileRef = 51F0F91A1C8B59A1003F0398 /* Map.storyboard */; };
		51F0F91D1C8B59A8003F0398 /* Identifier.storyboard in Resources */ = {isa = PBXBuildFile; fileRef = 51F0F91C1C8B59A8003F0398 /* Identifier.storyboard */; };
		51F0F91F1C8B59B5003F0398 /* Coupon.storyboard in Resources */ = {isa = PBXBuildFile; fileRef = 51F0F91E1C8B59B5003F0398 /* Coupon.storyboard */; };
		51F0F9211C8B5B0F003F0398 /* HomeViewController.swift in Sources */ = {isa = PBXBuildFile; fileRef = 51F0F9201C8B5B0F003F0398 /* HomeViewController.swift */; };
		51F0F9251C8B5C2C003F0398 /* MapViewController.swift in Sources */ = {isa = PBXBuildFile; fileRef = 51F0F9241C8B5C2C003F0398 /* MapViewController.swift */; };
		51F0F9271C8B5C36003F0398 /* ProfileViewController.swift in Sources */ = {isa = PBXBuildFile; fileRef = 51F0F9261C8B5C36003F0398 /* ProfileViewController.swift */; };
		51F0F9291C8B5C3E003F0398 /* CouponViewController.swift in Sources */ = {isa = PBXBuildFile; fileRef = 51F0F9281C8B5C3E003F0398 /* CouponViewController.swift */; };
		51F0F92B1C8B5C83003F0398 /* IdentifierViewController.swift in Sources */ = {isa = PBXBuildFile; fileRef = 51F0F92A1C8B5C83003F0398 /* IdentifierViewController.swift */; };
		CE8F0A7F1C8B6726004C5A19 /* CircularImageView.swift in Sources */ = {isa = PBXBuildFile; fileRef = CE8F0A7E1C8B6726004C5A19 /* CircularImageView.swift */; };
		CE8F0A841C8B6B99004C5A19 /* CircleLayout.m in Sources */ = {isa = PBXBuildFile; fileRef = CE8F0A831C8B6B99004C5A19 /* CircleLayout.m */; };
		CE8F0A8A1C8B7189004C5A19 /* CircularImageCell.swift in Sources */ = {isa = PBXBuildFile; fileRef = CE8F0A891C8B7189004C5A19 /* CircularImageCell.swift */; };
		5691D9641C8B65290023A62F /* CoreLocation.framework in Frameworks */ = {isa = PBXBuildFile; fileRef = 5691D9631C8B65290023A62F /* CoreLocation.framework */; };
		5691D9661C8B6CF10023A62F /* MapPin.swift in Sources */ = {isa = PBXBuildFile; fileRef = 5691D9651C8B6CF10023A62F /* MapPin.swift */; };
/* End PBXBuildFile section */

/* Begin PBXContainerItemProxy section */
		51D55E661C8B54290068EDBC /* PBXContainerItemProxy */ = {
			isa = PBXContainerItemProxy;
			containerPortal = 51D55E471C8B54290068EDBC /* Project object */;
			proxyType = 1;
			remoteGlobalIDString = 51D55E4E1C8B54290068EDBC;
			remoteInfo = "Food Bank";
		};
/* End PBXContainerItemProxy section */

/* Begin PBXFileReference section */
		1171D189DD7B3E1D562CB476 /* Pods-Food Bank.release.xcconfig */ = {isa = PBXFileReference; includeInIndex = 1; lastKnownFileType = text.xcconfig; name = "Pods-Food Bank.release.xcconfig"; path = "Pods/Target Support Files/Pods-Food Bank/Pods-Food Bank.release.xcconfig"; sourceTree = "<group>"; };
		5170E6B61C8B625200F9CDCF /* ResultViewController.swift */ = {isa = PBXFileReference; fileEncoding = 4; lastKnownFileType = sourcecode.swift; path = ResultViewController.swift; sourceTree = "<group>"; };
		51D55E4F1C8B54290068EDBC /* Food Bank.app */ = {isa = PBXFileReference; explicitFileType = wrapper.application; includeInIndex = 0; path = "Food Bank.app"; sourceTree = BUILT_PRODUCTS_DIR; };
		51D55E521C8B54290068EDBC /* AppDelegate.swift */ = {isa = PBXFileReference; lastKnownFileType = sourcecode.swift; path = AppDelegate.swift; sourceTree = "<group>"; };
		51D55E591C8B54290068EDBC /* Base */ = {isa = PBXFileReference; lastKnownFileType = file.storyboard; name = Base; path = Base.lproj/Main.storyboard; sourceTree = "<group>"; };
		51D55E5B1C8B54290068EDBC /* Assets.xcassets */ = {isa = PBXFileReference; lastKnownFileType = folder.assetcatalog; path = Assets.xcassets; sourceTree = "<group>"; };
		51D55E5E1C8B54290068EDBC /* Base */ = {isa = PBXFileReference; lastKnownFileType = file.storyboard; name = Base; path = Base.lproj/LaunchScreen.storyboard; sourceTree = "<group>"; };
		51D55E601C8B54290068EDBC /* Info.plist */ = {isa = PBXFileReference; lastKnownFileType = text.plist.xml; path = Info.plist; sourceTree = "<group>"; };
		51D55E651C8B54290068EDBC /* Food BankTests.xctest */ = {isa = PBXFileReference; explicitFileType = wrapper.cfbundle; includeInIndex = 0; path = "Food BankTests.xctest"; sourceTree = BUILT_PRODUCTS_DIR; };
		51D55E691C8B54290068EDBC /* Food_BankTests.swift */ = {isa = PBXFileReference; lastKnownFileType = sourcecode.swift; path = Food_BankTests.swift; sourceTree = "<group>"; };
		51D55E6B1C8B54290068EDBC /* Info.plist */ = {isa = PBXFileReference; lastKnownFileType = text.plist.xml; path = Info.plist; sourceTree = "<group>"; };
		51F0F9161C8B5958003F0398 /* Home.storyboard */ = {isa = PBXFileReference; fileEncoding = 4; lastKnownFileType = file.storyboard; path = Home.storyboard; sourceTree = "<group>"; };
		51F0F9181C8B5999003F0398 /* Profile.storyboard */ = {isa = PBXFileReference; fileEncoding = 4; lastKnownFileType = file.storyboard; path = Profile.storyboard; sourceTree = "<group>"; };
		51F0F91A1C8B59A1003F0398 /* Map.storyboard */ = {isa = PBXFileReference; fileEncoding = 4; lastKnownFileType = file.storyboard; path = Map.storyboard; sourceTree = "<group>"; };
		51F0F91C1C8B59A8003F0398 /* Identifier.storyboard */ = {isa = PBXFileReference; fileEncoding = 4; lastKnownFileType = file.storyboard; path = Identifier.storyboard; sourceTree = "<group>"; };
		51F0F91E1C8B59B5003F0398 /* Coupon.storyboard */ = {isa = PBXFileReference; fileEncoding = 4; lastKnownFileType = file.storyboard; path = Coupon.storyboard; sourceTree = "<group>"; };
		51F0F9201C8B5B0F003F0398 /* HomeViewController.swift */ = {isa = PBXFileReference; fileEncoding = 4; lastKnownFileType = sourcecode.swift; path = HomeViewController.swift; sourceTree = "<group>"; };
		51F0F9241C8B5C2C003F0398 /* MapViewController.swift */ = {isa = PBXFileReference; fileEncoding = 4; lastKnownFileType = sourcecode.swift; path = MapViewController.swift; sourceTree = "<group>"; };
		51F0F9261C8B5C36003F0398 /* ProfileViewController.swift */ = {isa = PBXFileReference; fileEncoding = 4; lastKnownFileType = sourcecode.swift; path = ProfileViewController.swift; sourceTree = "<group>"; };
		51F0F9281C8B5C3E003F0398 /* CouponViewController.swift */ = {isa = PBXFileReference; fileEncoding = 4; lastKnownFileType = sourcecode.swift; path = CouponViewController.swift; sourceTree = "<group>"; };
		51F0F92A1C8B5C83003F0398 /* IdentifierViewController.swift */ = {isa = PBXFileReference; fileEncoding = 4; lastKnownFileType = sourcecode.swift; path = IdentifierViewController.swift; sourceTree = "<group>"; };
		5691D9631C8B65290023A62F /* CoreLocation.framework */ = {isa = PBXFileReference; lastKnownFileType = wrapper.framework; name = CoreLocation.framework; path = System/Library/Frameworks/CoreLocation.framework; sourceTree = SDKROOT; };
		5691D9651C8B6CF10023A62F /* MapPin.swift */ = {isa = PBXFileReference; fileEncoding = 4; lastKnownFileType = sourcecode.swift; path = MapPin.swift; sourceTree = "<group>"; };
		91876E1D42C49FDAB789C135 /* Pods-Food Bank.debug.xcconfig */ = {isa = PBXFileReference; includeInIndex = 1; lastKnownFileType = text.xcconfig; name = "Pods-Food Bank.debug.xcconfig"; path = "Pods/Target Support Files/Pods-Food Bank/Pods-Food Bank.debug.xcconfig"; sourceTree = "<group>"; };
		CE8F0A7E1C8B6726004C5A19 /* CircularImageView.swift */ = {isa = PBXFileReference; fileEncoding = 4; lastKnownFileType = sourcecode.swift; path = CircularImageView.swift; sourceTree = "<group>"; };
		CE8F0A811C8B6B99004C5A19 /* Food Bank-Bridging-Header.h */ = {isa = PBXFileReference; lastKnownFileType = sourcecode.c.h; path = "Food Bank-Bridging-Header.h"; sourceTree = "<group>"; };
		CE8F0A821C8B6B99004C5A19 /* CircleLayout.h */ = {isa = PBXFileReference; fileEncoding = 4; lastKnownFileType = sourcecode.c.h; path = CircleLayout.h; sourceTree = "<group>"; };
		CE8F0A831C8B6B99004C5A19 /* CircleLayout.m */ = {isa = PBXFileReference; fileEncoding = 4; lastKnownFileType = sourcecode.c.objc; path = CircleLayout.m; sourceTree = "<group>"; };
		CE8F0A891C8B7189004C5A19 /* CircularImageCell.swift */ = {isa = PBXFileReference; fileEncoding = 4; lastKnownFileType = sourcecode.swift; path = CircularImageCell.swift; sourceTree = "<group>"; };
		EDA8C754DDE33AF7B34E2D28 /* Pods_Food_Bank.framework */ = {isa = PBXFileReference; explicitFileType = wrapper.framework; includeInIndex = 0; path = Pods_Food_Bank.framework; sourceTree = BUILT_PRODUCTS_DIR; };
/* End PBXFileReference section */

/* Begin PBXFrameworksBuildPhase section */
		51D55E4C1C8B54290068EDBC /* Frameworks */ = {
			isa = PBXFrameworksBuildPhase;
			buildActionMask = 2147483647;
			files = (
				5691D9641C8B65290023A62F /* CoreLocation.framework in Frameworks */,
				51F0F9231C8B5C14003F0398 /* MapKit.framework in Frameworks */,
				1A7D94CF8083321C122B6587 /* Pods_Food_Bank.framework in Frameworks */,
			);
			runOnlyForDeploymentPostprocessing = 0;
		};
		51D55E621C8B54290068EDBC /* Frameworks */ = {
			isa = PBXFrameworksBuildPhase;
			buildActionMask = 2147483647;
			files = (
			);
			runOnlyForDeploymentPostprocessing = 0;
		};
/* End PBXFrameworksBuildPhase section */

/* Begin PBXGroup section */
		5170E6B51C8B624600F9CDCF /* Result */ = {
			isa = PBXGroup;
			children = (
				5170E6B61C8B625200F9CDCF /* ResultViewController.swift */,
			);
			path = Result;
			sourceTree = "<group>";
		};
		51D55E461C8B54290068EDBC = {
			isa = PBXGroup;
			children = (
				51D55E511C8B54290068EDBC /* Food Bank */,
				51D55E681C8B54290068EDBC /* Food BankTests */,
				51D55E501C8B54290068EDBC /* Products */,
				B948923D88E6813F54FB817C /* Pods */,
				EFF4BD0EB99639CB11348BB0 /* Frameworks */,
			);
			sourceTree = "<group>";
		};
		51D55E501C8B54290068EDBC /* Products */ = {
			isa = PBXGroup;
			children = (
				51D55E4F1C8B54290068EDBC /* Food Bank.app */,
				51D55E651C8B54290068EDBC /* Food BankTests.xctest */,
			);
			name = Products;
			sourceTree = "<group>";
		};
		51D55E511C8B54290068EDBC /* Food Bank */ = {
			isa = PBXGroup;
			children = (
				51D55E741C8B55C20068EDBC /* Controllers */,
				51D55E7A1C8B55C20068EDBC /* Helpers */,
				51D55E7B1C8B55C20068EDBC /* Models */,
				51D55E7C1C8B55C20068EDBC /* Views */,
				51D55E521C8B54290068EDBC /* AppDelegate.swift */,
				51D55E581C8B54290068EDBC /* Main.storyboard */,
				51D55E5B1C8B54290068EDBC /* Assets.xcassets */,
				51D55E5D1C8B54290068EDBC /* LaunchScreen.storyboard */,
				51D55E601C8B54290068EDBC /* Info.plist */,
			);
			path = "Food Bank";
			sourceTree = "<group>";
		};
		51D55E681C8B54290068EDBC /* Food BankTests */ = {
			isa = PBXGroup;
			children = (
				51D55E691C8B54290068EDBC /* Food_BankTests.swift */,
				51D55E6B1C8B54290068EDBC /* Info.plist */,
			);
			path = "Food BankTests";
			sourceTree = "<group>";
		};
		51D55E741C8B55C20068EDBC /* Controllers */ = {
			isa = PBXGroup;
			children = (
				51D55E751C8B55C20068EDBC /* Coupon */,
				51D55E761C8B55C20068EDBC /* Home */,
				51D55E771C8B55C20068EDBC /* Identifier */,
				51D55E781C8B55C20068EDBC /* Map */,
				51D55E791C8B55C20068EDBC /* Profile */,
			);
			path = Controllers;
			sourceTree = "<group>";
		};
		51D55E751C8B55C20068EDBC /* Coupon */ = {
			isa = PBXGroup;
			children = (
				51F0F91E1C8B59B5003F0398 /* Coupon.storyboard */,
				51F0F9281C8B5C3E003F0398 /* CouponViewController.swift */,
			);
			path = Coupon;
			sourceTree = "<group>";
		};
		51D55E761C8B55C20068EDBC /* Home */ = {
			isa = PBXGroup;
			children = (
				51F0F9161C8B5958003F0398 /* Home.storyboard */,
				51F0F9201C8B5B0F003F0398 /* HomeViewController.swift */,
			);
			path = Home;
			sourceTree = "<group>";
		};
		51D55E771C8B55C20068EDBC /* Identifier */ = {
			isa = PBXGroup;
			children = (
				5170E6B51C8B624600F9CDCF /* Result */,
				51F0F91C1C8B59A8003F0398 /* Identifier.storyboard */,
				51F0F92A1C8B5C83003F0398 /* IdentifierViewController.swift */,
			);
			path = Identifier;
			sourceTree = "<group>";
		};
		51D55E781C8B55C20068EDBC /* Map */ = {
			isa = PBXGroup;
			children = (
				51F0F91A1C8B59A1003F0398 /* Map.storyboard */,
				51F0F9241C8B5C2C003F0398 /* MapViewController.swift */,
				5691D9651C8B6CF10023A62F /* MapPin.swift */,
			);
			path = Map;
			sourceTree = "<group>";
		};
		51D55E791C8B55C20068EDBC /* Profile */ = {
			isa = PBXGroup;
			children = (
				51F0F9181C8B5999003F0398 /* Profile.storyboard */,
				51F0F9261C8B5C36003F0398 /* ProfileViewController.swift */,
			);
			path = Profile;
			sourceTree = "<group>";
		};
		51D55E7A1C8B55C20068EDBC /* Helpers */ = {
			isa = PBXGroup;
			children = (
			);
			path = Helpers;
			sourceTree = "<group>";
		};
		51D55E7B1C8B55C20068EDBC /* Models */ = {
			isa = PBXGroup;
			children = (
			);
			path = Models;
			sourceTree = "<group>";
		};
		51D55E7C1C8B55C20068EDBC /* Views */ = {
			isa = PBXGroup;
			children = (
				CE8F0A851C8B6D7C004C5A19 /* Cells */,
				CE8F0A801C8B6B62004C5A19 /* CircleLayout */,
				CE8F0A7E1C8B6726004C5A19 /* CircularImageView.swift */,
			);
			path = Views;
			sourceTree = "<group>";
		};
		B948923D88E6813F54FB817C /* Pods */ = {
			isa = PBXGroup;
			children = (
				91876E1D42C49FDAB789C135 /* Pods-Food Bank.debug.xcconfig */,
				1171D189DD7B3E1D562CB476 /* Pods-Food Bank.release.xcconfig */,
			);
			name = Pods;
			sourceTree = "<group>";
		};
		CE8F0A801C8B6B62004C5A19 /* CircleLayout */ = {
			isa = PBXGroup;
			children = (
				CE8F0A821C8B6B99004C5A19 /* CircleLayout.h */,
				CE8F0A831C8B6B99004C5A19 /* CircleLayout.m */,
				CE8F0A811C8B6B99004C5A19 /* Food Bank-Bridging-Header.h */,
			);
			name = CircleLayout;
			sourceTree = "<group>";
		};
		CE8F0A851C8B6D7C004C5A19 /* Cells */ = {
			isa = PBXGroup;
			children = (
				CE8F0A891C8B7189004C5A19 /* CircularImageCell.swift */,
			);
			name = Cells;
			sourceTree = "<group>";
		};
		EFF4BD0EB99639CB11348BB0 /* Frameworks */ = {
			isa = PBXGroup;
			children = (
				5691D9631C8B65290023A62F /* CoreLocation.framework */,
				EDA8C754DDE33AF7B34E2D28 /* Pods_Food_Bank.framework */,
			);
			name = Frameworks;
			sourceTree = "<group>";
		};
/* End PBXGroup section */

/* Begin PBXNativeTarget section */
		51D55E4E1C8B54290068EDBC /* Food Bank */ = {
			isa = PBXNativeTarget;
			buildConfigurationList = 51D55E6E1C8B54290068EDBC /* Build configuration list for PBXNativeTarget "Food Bank" */;
			buildPhases = (
				1A7F1EA5658ECAC139010308 /* Check Pods Manifest.lock */,
				51D55E4B1C8B54290068EDBC /* Sources */,
				51D55E4C1C8B54290068EDBC /* Frameworks */,
				51D55E4D1C8B54290068EDBC /* Resources */,
				F073FCFF38F8621D1D726032 /* Embed Pods Frameworks */,
				AA338AE9ACE6304B727FE52C /* Copy Pods Resources */,
			);
			buildRules = (
			);
			dependencies = (
			);
			name = "Food Bank";
			productName = "Food Bank";
			productReference = 51D55E4F1C8B54290068EDBC /* Food Bank.app */;
			productType = "com.apple.product-type.application";
		};
		51D55E641C8B54290068EDBC /* Food BankTests */ = {
			isa = PBXNativeTarget;
			buildConfigurationList = 51D55E711C8B54290068EDBC /* Build configuration list for PBXNativeTarget "Food BankTests" */;
			buildPhases = (
				51D55E611C8B54290068EDBC /* Sources */,
				51D55E621C8B54290068EDBC /* Frameworks */,
				51D55E631C8B54290068EDBC /* Resources */,
			);
			buildRules = (
			);
			dependencies = (
				51D55E671C8B54290068EDBC /* PBXTargetDependency */,
			);
			name = "Food BankTests";
			productName = "Food BankTests";
			productReference = 51D55E651C8B54290068EDBC /* Food BankTests.xctest */;
			productType = "com.apple.product-type.bundle.unit-test";
		};
/* End PBXNativeTarget section */

/* Begin PBXProject section */
		51D55E471C8B54290068EDBC /* Project object */ = {
			isa = PBXProject;
			attributes = {
				LastSwiftUpdateCheck = 0730;
				LastUpgradeCheck = 0720;
				ORGANIZATIONNAME = Team1;
				TargetAttributes = {
					51D55E4E1C8B54290068EDBC = {
						CreatedOnToolsVersion = 7.2.1;
						DevelopmentTeam = 2H2K7AG9Y2;
						SystemCapabilities = {
							com.apple.Maps.iOS = {
								enabled = 0;
							};
							com.apple.Push = {
								enabled = 1;
							};
						};
					};
					51D55E641C8B54290068EDBC = {
						CreatedOnToolsVersion = 7.2.1;
						TestTargetID = 51D55E4E1C8B54290068EDBC;
					};
				};
			};
			buildConfigurationList = 51D55E4A1C8B54290068EDBC /* Build configuration list for PBXProject "Food Bank" */;
			compatibilityVersion = "Xcode 3.2";
			developmentRegion = English;
			hasScannedForEncodings = 0;
			knownRegions = (
				en,
				Base,
			);
			mainGroup = 51D55E461C8B54290068EDBC;
			productRefGroup = 51D55E501C8B54290068EDBC /* Products */;
			projectDirPath = "";
			projectRoot = "";
			targets = (
				51D55E4E1C8B54290068EDBC /* Food Bank */,
				51D55E641C8B54290068EDBC /* Food BankTests */,
			);
		};
/* End PBXProject section */

/* Begin PBXResourcesBuildPhase section */
		51D55E4D1C8B54290068EDBC /* Resources */ = {
			isa = PBXResourcesBuildPhase;
			buildActionMask = 2147483647;
			files = (
				51D55E5F1C8B54290068EDBC /* LaunchScreen.storyboard in Resources */,
				51D55E5C1C8B54290068EDBC /* Assets.xcassets in Resources */,
				51F0F9191C8B5999003F0398 /* Profile.storyboard in Resources */,
				51D55E5A1C8B54290068EDBC /* Main.storyboard in Resources */,
				51F0F91F1C8B59B5003F0398 /* Coupon.storyboard in Resources */,
				51F0F9171C8B5958003F0398 /* Home.storyboard in Resources */,
				51F0F91B1C8B59A1003F0398 /* Map.storyboard in Resources */,
				51F0F91D1C8B59A8003F0398 /* Identifier.storyboard in Resources */,
			);
			runOnlyForDeploymentPostprocessing = 0;
		};
		51D55E631C8B54290068EDBC /* Resources */ = {
			isa = PBXResourcesBuildPhase;
			buildActionMask = 2147483647;
			files = (
			);
			runOnlyForDeploymentPostprocessing = 0;
		};
/* End PBXResourcesBuildPhase section */

/* Begin PBXShellScriptBuildPhase section */
		1A7F1EA5658ECAC139010308 /* Check Pods Manifest.lock */ = {
			isa = PBXShellScriptBuildPhase;
			buildActionMask = 2147483647;
			files = (
			);
			inputPaths = (
			);
			name = "Check Pods Manifest.lock";
			outputPaths = (
			);
			runOnlyForDeploymentPostprocessing = 0;
			shellPath = /bin/sh;
			shellScript = "diff \"${PODS_ROOT}/../Podfile.lock\" \"${PODS_ROOT}/Manifest.lock\" > /dev/null\nif [[ $? != 0 ]] ; then\n    cat << EOM\nerror: The sandbox is not in sync with the Podfile.lock. Run 'pod install' or update your CocoaPods installation.\nEOM\n    exit 1\nfi\n";
			showEnvVarsInLog = 0;
		};
		AA338AE9ACE6304B727FE52C /* Copy Pods Resources */ = {
			isa = PBXShellScriptBuildPhase;
			buildActionMask = 2147483647;
			files = (
			);
			inputPaths = (
			);
			name = "Copy Pods Resources";
			outputPaths = (
			);
			runOnlyForDeploymentPostprocessing = 0;
			shellPath = /bin/sh;
			shellScript = "\"${SRCROOT}/Pods/Target Support Files/Pods-Food Bank/Pods-Food Bank-resources.sh\"\n";
			showEnvVarsInLog = 0;
		};
		F073FCFF38F8621D1D726032 /* Embed Pods Frameworks */ = {
			isa = PBXShellScriptBuildPhase;
			buildActionMask = 2147483647;
			files = (
			);
			inputPaths = (
			);
			name = "Embed Pods Frameworks";
			outputPaths = (
			);
			runOnlyForDeploymentPostprocessing = 0;
			shellPath = /bin/sh;
			shellScript = "\"${SRCROOT}/Pods/Target Support Files/Pods-Food Bank/Pods-Food Bank-frameworks.sh\"\n";
			showEnvVarsInLog = 0;
		};
/* End PBXShellScriptBuildPhase section */

/* Begin PBXSourcesBuildPhase section */
		51D55E4B1C8B54290068EDBC /* Sources */ = {
			isa = PBXSourcesBuildPhase;
			buildActionMask = 2147483647;
			files = (
				51D55E531C8B54290068EDBC /* AppDelegate.swift in Sources */,
				51F0F92B1C8B5C83003F0398 /* IdentifierViewController.swift in Sources */,
				5170E6B71C8B625200F9CDCF /* ResultViewController.swift in Sources */,
				5691D9661C8B6CF10023A62F /* MapPin.swift in Sources */,
				51F0F9251C8B5C2C003F0398 /* MapViewController.swift in Sources */,
				CE8F0A8A1C8B7189004C5A19 /* CircularImageCell.swift in Sources */,
				51F0F9291C8B5C3E003F0398 /* CouponViewController.swift in Sources */,
				CE8F0A841C8B6B99004C5A19 /* CircleLayout.m in Sources */,
				CE8F0A7F1C8B6726004C5A19 /* CircularImageView.swift in Sources */,
				51F0F9271C8B5C36003F0398 /* ProfileViewController.swift in Sources */,
				51F0F9211C8B5B0F003F0398 /* HomeViewController.swift in Sources */,
			);
			runOnlyForDeploymentPostprocessing = 0;
		};
		51D55E611C8B54290068EDBC /* Sources */ = {
			isa = PBXSourcesBuildPhase;
			buildActionMask = 2147483647;
			files = (
				51D55E6A1C8B54290068EDBC /* Food_BankTests.swift in Sources */,
			);
			runOnlyForDeploymentPostprocessing = 0;
		};
/* End PBXSourcesBuildPhase section */

/* Begin PBXTargetDependency section */
		51D55E671C8B54290068EDBC /* PBXTargetDependency */ = {
			isa = PBXTargetDependency;
			target = 51D55E4E1C8B54290068EDBC /* Food Bank */;
			targetProxy = 51D55E661C8B54290068EDBC /* PBXContainerItemProxy */;
		};
/* End PBXTargetDependency section */

/* Begin PBXVariantGroup section */
		51D55E581C8B54290068EDBC /* Main.storyboard */ = {
			isa = PBXVariantGroup;
			children = (
				51D55E591C8B54290068EDBC /* Base */,
			);
			name = Main.storyboard;
			sourceTree = "<group>";
		};
		51D55E5D1C8B54290068EDBC /* LaunchScreen.storyboard */ = {
			isa = PBXVariantGroup;
			children = (
				51D55E5E1C8B54290068EDBC /* Base */,
			);
			name = LaunchScreen.storyboard;
			sourceTree = "<group>";
		};
/* End PBXVariantGroup section */

/* Begin XCBuildConfiguration section */
		51D55E6C1C8B54290068EDBC /* Debug */ = {
			isa = XCBuildConfiguration;
			buildSettings = {
				ALWAYS_SEARCH_USER_PATHS = NO;
				CLANG_CXX_LANGUAGE_STANDARD = "gnu++0x";
				CLANG_CXX_LIBRARY = "libc++";
				CLANG_ENABLE_MODULES = YES;
				CLANG_ENABLE_OBJC_ARC = YES;
				CLANG_WARN_BOOL_CONVERSION = YES;
				CLANG_WARN_CONSTANT_CONVERSION = YES;
				CLANG_WARN_DIRECT_OBJC_ISA_USAGE = YES_ERROR;
				CLANG_WARN_EMPTY_BODY = YES;
				CLANG_WARN_ENUM_CONVERSION = YES;
				CLANG_WARN_INT_CONVERSION = YES;
				CLANG_WARN_OBJC_ROOT_CLASS = YES_ERROR;
				CLANG_WARN_UNREACHABLE_CODE = YES;
				CLANG_WARN__DUPLICATE_METHOD_MATCH = YES;
				"CODE_SIGN_IDENTITY[sdk=iphoneos*]" = "iPhone Developer";
				COPY_PHASE_STRIP = NO;
				DEBUG_INFORMATION_FORMAT = dwarf;
				ENABLE_STRICT_OBJC_MSGSEND = YES;
				ENABLE_TESTABILITY = YES;
				GCC_C_LANGUAGE_STANDARD = gnu99;
				GCC_DYNAMIC_NO_PIC = NO;
				GCC_NO_COMMON_BLOCKS = YES;
				GCC_OPTIMIZATION_LEVEL = 0;
				GCC_PREPROCESSOR_DEFINITIONS = (
					"DEBUG=1",
					"$(inherited)",
				);
				GCC_WARN_64_TO_32_BIT_CONVERSION = YES;
				GCC_WARN_ABOUT_RETURN_TYPE = YES_ERROR;
				GCC_WARN_UNDECLARED_SELECTOR = YES;
				GCC_WARN_UNINITIALIZED_AUTOS = YES_AGGRESSIVE;
				GCC_WARN_UNUSED_FUNCTION = YES;
				GCC_WARN_UNUSED_VARIABLE = YES;
				IPHONEOS_DEPLOYMENT_TARGET = 9.2;
				MTL_ENABLE_DEBUG_INFO = YES;
				ONLY_ACTIVE_ARCH = YES;
				SDKROOT = iphoneos;
				SWIFT_OPTIMIZATION_LEVEL = "-Onone";
			};
			name = Debug;
		};
		51D55E6D1C8B54290068EDBC /* Release */ = {
			isa = XCBuildConfiguration;
			buildSettings = {
				ALWAYS_SEARCH_USER_PATHS = NO;
				CLANG_CXX_LANGUAGE_STANDARD = "gnu++0x";
				CLANG_CXX_LIBRARY = "libc++";
				CLANG_ENABLE_MODULES = YES;
				CLANG_ENABLE_OBJC_ARC = YES;
				CLANG_WARN_BOOL_CONVERSION = YES;
				CLANG_WARN_CONSTANT_CONVERSION = YES;
				CLANG_WARN_DIRECT_OBJC_ISA_USAGE = YES_ERROR;
				CLANG_WARN_EMPTY_BODY = YES;
				CLANG_WARN_ENUM_CONVERSION = YES;
				CLANG_WARN_INT_CONVERSION = YES;
				CLANG_WARN_OBJC_ROOT_CLASS = YES_ERROR;
				CLANG_WARN_UNREACHABLE_CODE = YES;
				CLANG_WARN__DUPLICATE_METHOD_MATCH = YES;
				"CODE_SIGN_IDENTITY[sdk=iphoneos*]" = "iPhone Developer";
				COPY_PHASE_STRIP = NO;
				DEBUG_INFORMATION_FORMAT = "dwarf-with-dsym";
				ENABLE_NS_ASSERTIONS = NO;
				ENABLE_STRICT_OBJC_MSGSEND = YES;
				GCC_C_LANGUAGE_STANDARD = gnu99;
				GCC_NO_COMMON_BLOCKS = YES;
				GCC_WARN_64_TO_32_BIT_CONVERSION = YES;
				GCC_WARN_ABOUT_RETURN_TYPE = YES_ERROR;
				GCC_WARN_UNDECLARED_SELECTOR = YES;
				GCC_WARN_UNINITIALIZED_AUTOS = YES_AGGRESSIVE;
				GCC_WARN_UNUSED_FUNCTION = YES;
				GCC_WARN_UNUSED_VARIABLE = YES;
				IPHONEOS_DEPLOYMENT_TARGET = 9.2;
				MTL_ENABLE_DEBUG_INFO = NO;
				SDKROOT = iphoneos;
				VALIDATE_PRODUCT = YES;
			};
			name = Release;
		};
		51D55E6F1C8B54290068EDBC /* Debug */ = {
			isa = XCBuildConfiguration;
			baseConfigurationReference = 91876E1D42C49FDAB789C135 /* Pods-Food Bank.debug.xcconfig */;
			buildSettings = {
				ASSETCATALOG_COMPILER_APPICON_NAME = AppIcon;
				CLANG_ENABLE_MODULES = YES;
				CODE_SIGN_IDENTITY = "iPhone Developer";
				"CODE_SIGN_IDENTITY[sdk=iphoneos*]" = "iPhone Developer";
				INFOPLIST_FILE = "Food Bank/Info.plist";
				LD_RUNPATH_SEARCH_PATHS = "$(inherited) @executable_path/Frameworks";
				PRODUCT_BUNDLE_IDENTIFIER = "com.team1.Food-Bank";
				PRODUCT_NAME = "$(TARGET_NAME)";
				PROVISIONING_PROFILE = "";
				SWIFT_OBJC_BRIDGING_HEADER = "Food Bank/Views/Food Bank-Bridging-Header.h";
				SWIFT_OPTIMIZATION_LEVEL = "-Onone";
			};
			name = Debug;
		};
		51D55E701C8B54290068EDBC /* Release */ = {
			isa = XCBuildConfiguration;
			baseConfigurationReference = 1171D189DD7B3E1D562CB476 /* Pods-Food Bank.release.xcconfig */;
			buildSettings = {
				ASSETCATALOG_COMPILER_APPICON_NAME = AppIcon;
				CLANG_ENABLE_MODULES = YES;
				CODE_SIGN_IDENTITY = "iPhone Developer";
				"CODE_SIGN_IDENTITY[sdk=iphoneos*]" = "iPhone Developer";
				INFOPLIST_FILE = "Food Bank/Info.plist";
				LD_RUNPATH_SEARCH_PATHS = "$(inherited) @executable_path/Frameworks";
				PRODUCT_BUNDLE_IDENTIFIER = "com.team1.Food-Bank";
				PRODUCT_NAME = "$(TARGET_NAME)";
				PROVISIONING_PROFILE = "";
				SWIFT_OBJC_BRIDGING_HEADER = "Food Bank/Views/Food Bank-Bridging-Header.h";
			};
			name = Release;
		};
		51D55E721C8B54290068EDBC /* Debug */ = {
			isa = XCBuildConfiguration;
			buildSettings = {
				BUNDLE_LOADER = "$(TEST_HOST)";
				INFOPLIST_FILE = "Food BankTests/Info.plist";
				LD_RUNPATH_SEARCH_PATHS = "$(inherited) @executable_path/Frameworks @loader_path/Frameworks";
				PRODUCT_BUNDLE_IDENTIFIER = "com.team1.Food-BankTests";
				PRODUCT_NAME = "$(TARGET_NAME)";
				TEST_HOST = "$(BUILT_PRODUCTS_DIR)/Food Bank.app/Food Bank";
			};
			name = Debug;
		};
		51D55E731C8B54290068EDBC /* Release */ = {
			isa = XCBuildConfiguration;
			buildSettings = {
				BUNDLE_LOADER = "$(TEST_HOST)";
				INFOPLIST_FILE = "Food BankTests/Info.plist";
				LD_RUNPATH_SEARCH_PATHS = "$(inherited) @executable_path/Frameworks @loader_path/Frameworks";
				PRODUCT_BUNDLE_IDENTIFIER = "com.team1.Food-BankTests";
				PRODUCT_NAME = "$(TARGET_NAME)";
				TEST_HOST = "$(BUILT_PRODUCTS_DIR)/Food Bank.app/Food Bank";
			};
			name = Release;
		};
/* End XCBuildConfiguration section */

/* Begin XCConfigurationList section */
		51D55E4A1C8B54290068EDBC /* Build configuration list for PBXProject "Food Bank" */ = {
			isa = XCConfigurationList;
			buildConfigurations = (
				51D55E6C1C8B54290068EDBC /* Debug */,
				51D55E6D1C8B54290068EDBC /* Release */,
			);
			defaultConfigurationIsVisible = 0;
			defaultConfigurationName = Release;
		};
		51D55E6E1C8B54290068EDBC /* Build configuration list for PBXNativeTarget "Food Bank" */ = {
			isa = XCConfigurationList;
			buildConfigurations = (
				51D55E6F1C8B54290068EDBC /* Debug */,
				51D55E701C8B54290068EDBC /* Release */,
			);
			defaultConfigurationIsVisible = 0;
			defaultConfigurationName = Release;
		};
		51D55E711C8B54290068EDBC /* Build configuration list for PBXNativeTarget "Food BankTests" */ = {
			isa = XCConfigurationList;
			buildConfigurations = (
				51D55E721C8B54290068EDBC /* Debug */,
				51D55E731C8B54290068EDBC /* Release */,
			);
			defaultConfigurationIsVisible = 0;
			defaultConfigurationName = Release;
		};
/* End XCConfigurationList section */
	};
	rootObject = 51D55E471C8B54290068EDBC /* Project object */;
}
